
Microsoft Visual Studio Solution File, Format Version 12.00
# Visual Studio Version 17
VisualStudioVersion = 17.0.31903.59
MinimumVisualStudioVersion = 10.0.40219.1
Project("{2150E333-8FDC-42A3-9474-1A3956D46DE8}") = "src", "src", "{EDC8E752-0013-4ABD-B291-FE036C294DDF}"
EndProject
Project("{FAE04EC0-301F-11D3-BF4B-00C04F79EFBC}") = "Assistant.Domain", "src\Assistant.Domain\Assistant.Domain.csproj", "{04210372-24A5-4FF3-9E13-DD0CD9BBD4C5}"
EndProject
Project("{FAE04EC0-301F-11D3-BF4B-00C04F79EFBC}") = "Assistant.Application", "src\Assistant.Application\Assistant.Application.csproj", "{DCEDBEA4-EBD1-4C06-9A0D-F99D0E64287C}"
EndProject
Project("{FAE04EC0-301F-11D3-BF4B-00C04F79EFBC}") = "Assistant.Infrastructure", "src\Assistant.Infrastructure\Assistant.Infrastructure.csproj", "{921B7009-D656-4B41-9ECA-CE90CBD35D0E}"
EndProject
Project("{FAE04EC0-301F-11D3-BF4B-00C04F79EFBC}") = "Assistant.Cli", "src\Assistant.Cli\Assistant.Cli.csproj", "{0196710A-9A3B-4643-997E-B9FD222C8732}"
EndProject
Project("{2150E333-8FDC-42A3-9474-1A3956D46DE8}") = "tests", "tests", "{DEE6ADB4-750D-4C1E-9A1F-DA9DD10D0B1F}"
EndProject
Project("{FAE04EC0-301F-11D3-BF4B-00C04F79EFBC}") = "Assistant.Tests", "tests\Assistant.Tests\Assistant.Tests.csproj", "{6FC04AE0-CFA1-450E-99AB-70D060B3A951}"
EndProject
Project("{2150E333-8FDC-42A3-9474-1A3956D46DE8}") = "exemples", "exemples", "{411349A4-4C4C-45E4-948F-B57A5DEC1842}"
EndProject
Project("{FAE04EC0-301F-11D3-BF4B-00C04F79EFBC}") = "TransfertNaif", "exemples\s1.3-transfert-naif\TransfertNaif.csproj", "{02F01AEF-CF70-425F-B86E-DC24CB07E56C}"
EndProject
Global
	GlobalSection(SolutionConfigurationPlatforms) = preSolution
		Debug|Any CPU = Debug|Any CPU
		Release|Any CPU = Release|Any CPU
	EndGlobalSection
	GlobalSection(SolutionProperties) = preSolution
		HideSolutionNode = FALSE
	EndGlobalSection
	GlobalSection(ProjectConfigurationPlatforms) = postSolution
		{04210372-24A5-4FF3-9E13-DD0CD9BBD4C5}.Debug|Any CPU.ActiveCfg = Debug|Any CPU
		{04210372-24A5-4FF3-9E13-DD0CD9BBD4C5}.Debug|Any CPU.Build.0 = Debug|Any CPU
		{04210372-24A5-4FF3-9E13-DD0CD9BBD4C5}.Release|Any CPU.ActiveCfg = Release|Any CPU
		{04210372-24A5-4FF3-9E13-DD0CD9BBD4C5}.Release|Any CPU.Build.0 = Release|Any CPU
		{DCEDBEA4-EBD1-4C06-9A0D-F99D0E64287C}.Debug|Any CPU.ActiveCfg = Debug|Any CPU
		{DCEDBEA4-EBD1-4C06-9A0D-F99D0E64287C}.Debug|Any CPU.Build.0 = Debug|Any CPU
		{DCEDBEA4-EBD1-4C06-9A0D-F99D0E64287C}.Release|Any CPU.ActiveCfg = Release|Any CPU
		{DCEDBEA4-EBD1-4C06-9A0D-F99D0E64287C}.Release|Any CPU.Build.0 = Release|Any CPU
		{921B7009-D656-4B41-9ECA-CE90CBD35D0E}.Debug|Any CPU.ActiveCfg = Debug|Any CPU
		{921B7009-D656-4B41-9ECA-CE90CBD35D0E}.Debug|Any CPU.Build.0 = Debug|Any CPU
		{921B7009-D656-4B41-9ECA-CE90CBD35D0E}.Release|Any CPU.ActiveCfg = Release|Any CPU
		{921B7009-D656-4B41-9ECA-CE90CBD35D0E}.Release|Any CPU.Build.0 = Release|Any CPU
		{0196710A-9A3B-4643-997E-B9FD222C8732}.Debug|Any CPU.ActiveCfg = Debug|Any CPU
		{0196710A-9A3B-4643-997E-B9FD222C8732}.Debug|Any CPU.Build.0 = Debug|Any CPU
		{0196710A-9A3B-4643-997E-B9FD222C8732}.Release|Any CPU.ActiveCfg = Release|Any CPU
		{0196710A-9A3B-4643-997E-B9FD222C8732}.Release|Any CPU.Build.0 = Release|Any CPU
		{6FC04AE0-CFA1-450E-99AB-70D060B3A951}.Debug|Any CPU.ActiveCfg = Debug|Any CPU
		{6FC04AE0-CFA1-450E-99AB-70D060B3A951}.Debug|Any CPU.Build.0 = Debug|Any CPU
		{6FC04AE0-CFA1-450E-99AB-70D060B3A951}.Release|Any CPU.ActiveCfg = Release|Any CPU
		{6FC04AE0-CFA1-450E-99AB-70D060B3A951}.Release|Any CPU.Build.0 = Release|Any CPU
		{02F01AEF-CF70-425F-B86E-DC24CB07E56C}.Debug|Any CPU.ActiveCfg = Debug|Any CPU
		{02F01AEF-CF70-425F-B86E-DC24CB07E56C}.Debug|Any CPU.Build.0 = Debug|Any CPU
		{02F01AEF-CF70-425F-B86E-DC24CB07E56C}.Release|Any CPU.ActiveCfg = Release|Any CPU
		{02F01AEF-CF70-425F-B86E-DC24CB07E56C}.Release|Any CPU.Build.0 = Release|Any CPU
	EndGlobalSection
	GlobalSection(NestedProjects) = preSolution
		{04210372-24A5-4FF3-9E13-DD0CD9BBD4C5} = {EDC8E752-0013-4ABD-B291-FE036C294DDF}
		{DCEDBEA4-EBD1-4C06-9A0D-F99D0E64287C} = {EDC8E752-0013-4ABD-B291-FE036C294DDF}
		{921B7009-D656-4B41-9ECA-CE90CBD35D0E} = {EDC8E752-0013-4ABD-B291-FE036C294DDF}
		{0196710A-9A3B-4643-997E-B9FD222C8732} = {EDC8E752-0013-4ABD-B291-FE036C294DDF}
		{6FC04AE0-CFA1-450E-99AB-70D060B3A951} = {DEE6ADB4-750D-4C1E-9A1F-DA9DD10D0B1F}
		{02F01AEF-CF70-425F-B86E-DC24CB07E56C} = {411349A4-4C4C-45E4-948F-B57A5DEC1842}
	EndGlobalSection
EndGlobal
